// !$*UTF8*$!
{
	archiveVersion = 1;
	classes = {
	};
	objectVersion = 46;
	objects = {

/* Begin PBXBuildFile section */
		222F29E3A691C636B819F8C0 /* Pods_RedditReader.framework in Frameworks */ = {isa = PBXBuildFile; fileRef = 2B4404BF14F672345D1679B8 /* Pods_RedditReader.framework */; };
		423160CB1EC3BFC400E44518 /* Constants.swift in Sources */ = {isa = PBXBuildFile; fileRef = 423160CA1EC3BFC400E44518 /* Constants.swift */; };
		425B9F0E1EA023830077E0DE /* RedditPostsService.swift in Sources */ = {isa = PBXBuildFile; fileRef = 425B9F0D1EA023830077E0DE /* RedditPostsService.swift */; };
		427172B61E380BB3001DC989 /* AppDelegate.swift in Sources */ = {isa = PBXBuildFile; fileRef = 427172B51E380BB3001DC989 /* AppDelegate.swift */; };
		427172BB1E380BB3001DC989 /* Main.storyboard in Resources */ = {isa = PBXBuildFile; fileRef = 427172B91E380BB3001DC989 /* Main.storyboard */; };
		427172BE1E380BB3001DC989 /* RedditReader.xcdatamodeld in Sources */ = {isa = PBXBuildFile; fileRef = 427172BC1E380BB3001DC989 /* RedditReader.xcdatamodeld */; };
		427172C01E380BB3001DC989 /* Assets.xcassets in Resources */ = {isa = PBXBuildFile; fileRef = 427172BF1E380BB3001DC989 /* Assets.xcassets */; };
		427172C31E380BB3001DC989 /* LaunchScreen.storyboard in Resources */ = {isa = PBXBuildFile; fileRef = 427172C11E380BB3001DC989 /* LaunchScreen.storyboard */; };
		427172CD1E381C2E001DC989 /* RedditPostsTableViewController.swift in Sources */ = {isa = PBXBuildFile; fileRef = 427172CC1E381C2E001DC989 /* RedditPostsTableViewController.swift */; };
		427172CF1E381C49001DC989 /* RedditPostsTableViewCell.swift in Sources */ = {isa = PBXBuildFile; fileRef = 427172CE1E381C49001DC989 /* RedditPostsTableViewCell.swift */; };
		4279353C1F4F8E8800E46CBA /* HtmlString.swift in Sources */ = {isa = PBXBuildFile; fileRef = 4279353B1F4F8E8800E46CBA /* HtmlString.swift */; };
		428B3B491EFC83B20018F323 /* SavedPostsViewControllerTableViewController.swift in Sources */ = {isa = PBXBuildFile; fileRef = 428B3B481EFC83B20018F323 /* SavedPostsViewControllerTableViewController.swift */; };
		42D0BC8F1F05B6D2003CDA3B /* Lato-Black.ttf in Resources */ = {isa = PBXBuildFile; fileRef = 42D0BC851F05B66B003CDA3B /* Lato-Black.ttf */; };
		42D0BC901F05B6D2003CDA3B /* Lato-BlackItalic.ttf in Resources */ = {isa = PBXBuildFile; fileRef = 42D0BC861F05B66B003CDA3B /* Lato-BlackItalic.ttf */; };
		42D0BC911F05B6D2003CDA3B /* Lato-Bold.ttf in Resources */ = {isa = PBXBuildFile; fileRef = 42D0BC871F05B66B003CDA3B /* Lato-Bold.ttf */; };
		42D0BC921F05B6D2003CDA3B /* Lato-BoldItalic.ttf in Resources */ = {isa = PBXBuildFile; fileRef = 42D0BC881F05B66B003CDA3B /* Lato-BoldItalic.ttf */; };
		42D0BC931F05B6D2003CDA3B /* Lato-Hairline.ttf in Resources */ = {isa = PBXBuildFile; fileRef = 42D0BC891F05B66B003CDA3B /* Lato-Hairline.ttf */; };
		42D0BC941F05B6D2003CDA3B /* Lato-HairlineItalic.ttf in Resources */ = {isa = PBXBuildFile; fileRef = 42D0BC8A1F05B66B003CDA3B /* Lato-HairlineItalic.ttf */; };
		42D0BC951F05B6D2003CDA3B /* Lato-Italic.ttf in Resources */ = {isa = PBXBuildFile; fileRef = 42D0BC8B1F05B66B003CDA3B /* Lato-Italic.ttf */; };
		42D0BC961F05B6D2003CDA3B /* Lato-Light.ttf in Resources */ = {isa = PBXBuildFile; fileRef = 42D0BC8C1F05B66B003CDA3B /* Lato-Light.ttf */; };
		42D0BC971F05B6D2003CDA3B /* Lato-LightItalic.ttf in Resources */ = {isa = PBXBuildFile; fileRef = 42D0BC8D1F05B66B003CDA3B /* Lato-LightItalic.ttf */; };
		42D0BC981F05B6D2003CDA3B /* Lato-Regular.ttf in Resources */ = {isa = PBXBuildFile; fileRef = 42D0BC8E1F05B66B003CDA3B /* Lato-Regular.ttf */; };
		42D640D11EA9615700394D75 /* SubRedditService.swift in Sources */ = {isa = PBXBuildFile; fileRef = 42D640D01EA9615700394D75 /* SubRedditService.swift */; };
		622CDF561E81DEB100747944 /* CommentsTableViewCell.swift in Sources */ = {isa = PBXBuildFile; fileRef = 622CDF551E81DEB100747944 /* CommentsTableViewCell.swift */; };
		622CDF581E81DECB00747944 /* CommentsTableViewController.swift in Sources */ = {isa = PBXBuildFile; fileRef = 622CDF571E81DECB00747944 /* CommentsTableViewController.swift */; };
		622D5F391E6F74480081A3F6 /* SubredditSearchTableViewController.swift in Sources */ = {isa = PBXBuildFile; fileRef = 622D5F381E6F74480081A3F6 /* SubredditSearchTableViewController.swift */; };
		622D5F3B1E6F76210081A3F6 /* SubredditSearchTableViewCell.swift in Sources */ = {isa = PBXBuildFile; fileRef = 622D5F3A1E6F76210081A3F6 /* SubredditSearchTableViewCell.swift */; };
		6232F78F1EA031BE00F0005D /* SubReddit.swift in Sources */ = {isa = PBXBuildFile; fileRef = 6232F78E1EA031BE00F0005D /* SubReddit.swift */; };
		6232F7911EA0333E00F0005D /* Post.swift in Sources */ = {isa = PBXBuildFile; fileRef = 6232F7901EA0333E00F0005D /* Post.swift */; };
		6232F7931EA0352000F0005D /* Comment.swift in Sources */ = {isa = PBXBuildFile; fileRef = 6232F7921EA0352000F0005D /* Comment.swift */; };
		6254AAD11F4645FF00D932A1 /* RefreshableUITableView.swift in Sources */ = {isa = PBXBuildFile; fileRef = 6254AAD01F4645FF00D932A1 /* RefreshableUITableView.swift */; };
		6254AAD31F464BD000D932A1 /* RefreshableUITableViewDelegate.swift in Sources */ = {isa = PBXBuildFile; fileRef = 6254AAD21F464BD000D932A1 /* RefreshableUITableViewDelegate.swift */; };
		6275CEB51F215EA300A21379 /* LoadingIndicator.swift in Sources */ = {isa = PBXBuildFile; fileRef = 6275CEB41F215EA300A21379 /* LoadingIndicator.swift */; };
		62F2EFD51F4F7EA20026FB2C /* RedditCommentsService.swift in Sources */ = {isa = PBXBuildFile; fileRef = 62F2EFD41F4F7EA20026FB2C /* RedditCommentsService.swift */; };
		7D9347CEAAA8F509650B85DA /* Pods_ReaderReddit.framework in Frameworks */ = {isa = PBXBuildFile; fileRef = 322F0446BF77D0C220CFD2A1 /* Pods_ReaderReddit.framework */; };
/* End PBXBuildFile section */

/* Begin PBXFileReference section */
		260D26EBBDC0E82B316AF08D /* Pods-ReaderReddit.debug.xcconfig */ = {isa = PBXFileReference; includeInIndex = 1; lastKnownFileType = text.xcconfig; name = "Pods-ReaderReddit.debug.xcconfig"; path = "Pods/Target Support Files/Pods-ReaderReddit/Pods-ReaderReddit.debug.xcconfig"; sourceTree = "<group>"; };
		265404F8BAE1B84D9B91B2A2 /* Pods-RedditReader.release.xcconfig */ = {isa = PBXFileReference; includeInIndex = 1; lastKnownFileType = text.xcconfig; name = "Pods-RedditReader.release.xcconfig"; path = "Pods/Target Support Files/Pods-RedditReader/Pods-RedditReader.release.xcconfig"; sourceTree = "<group>"; };
		29E2D4C6705C548D2695EE97 /* Pods-ReaderReddit.release.xcconfig */ = {isa = PBXFileReference; includeInIndex = 1; lastKnownFileType = text.xcconfig; name = "Pods-ReaderReddit.release.xcconfig"; path = "Pods/Target Support Files/Pods-ReaderReddit/Pods-ReaderReddit.release.xcconfig"; sourceTree = "<group>"; };
		2B4404BF14F672345D1679B8 /* Pods_RedditReader.framework */ = {isa = PBXFileReference; explicitFileType = wrapper.framework; includeInIndex = 0; path = Pods_RedditReader.framework; sourceTree = BUILT_PRODUCTS_DIR; };
		322F0446BF77D0C220CFD2A1 /* Pods_ReaderReddit.framework */ = {isa = PBXFileReference; explicitFileType = wrapper.framework; includeInIndex = 0; path = Pods_ReaderReddit.framework; sourceTree = BUILT_PRODUCTS_DIR; };
		423160CA1EC3BFC400E44518 /* Constants.swift */ = {isa = PBXFileReference; fileEncoding = 4; lastKnownFileType = sourcecode.swift; path = Constants.swift; sourceTree = "<group>"; };
		425B9F0D1EA023830077E0DE /* RedditPostsService.swift */ = {isa = PBXFileReference; fileEncoding = 4; lastKnownFileType = sourcecode.swift; path = RedditPostsService.swift; sourceTree = "<group>"; };
		427172B21E380BB3001DC989 /* ReaderReddit.app */ = {isa = PBXFileReference; explicitFileType = wrapper.application; includeInIndex = 0; path = ReaderReddit.app; sourceTree = BUILT_PRODUCTS_DIR; };
		427172B51E380BB3001DC989 /* AppDelegate.swift */ = {isa = PBXFileReference; lastKnownFileType = sourcecode.swift; path = AppDelegate.swift; sourceTree = "<group>"; };
		427172BA1E380BB3001DC989 /* Base */ = {isa = PBXFileReference; lastKnownFileType = file.storyboard; name = Base; path = Base.lproj/Main.storyboard; sourceTree = "<group>"; };
		427172BD1E380BB3001DC989 /* RedditReader.xcdatamodel */ = {isa = PBXFileReference; lastKnownFileType = wrapper.xcdatamodel; path = RedditReader.xcdatamodel; sourceTree = "<group>"; };
		427172BF1E380BB3001DC989 /* Assets.xcassets */ = {isa = PBXFileReference; lastKnownFileType = folder.assetcatalog; path = Assets.xcassets; sourceTree = "<group>"; };
		427172C21E380BB3001DC989 /* Base */ = {isa = PBXFileReference; lastKnownFileType = file.storyboard; name = Base; path = Base.lproj/LaunchScreen.storyboard; sourceTree = "<group>"; };
		427172C41E380BB3001DC989 /* Info.plist */ = {isa = PBXFileReference; lastKnownFileType = text.plist.xml; path = Info.plist; sourceTree = "<group>"; };
		427172CC1E381C2E001DC989 /* RedditPostsTableViewController.swift */ = {isa = PBXFileReference; fileEncoding = 4; lastKnownFileType = sourcecode.swift; path = RedditPostsTableViewController.swift; sourceTree = "<group>"; };
		427172CE1E381C49001DC989 /* RedditPostsTableViewCell.swift */ = {isa = PBXFileReference; fileEncoding = 4; lastKnownFileType = sourcecode.swift; path = RedditPostsTableViewCell.swift; sourceTree = "<group>"; };
		4279353B1F4F8E8800E46CBA /* HtmlString.swift */ = {isa = PBXFileReference; fileEncoding = 4; lastKnownFileType = sourcecode.swift; path = HtmlString.swift; sourceTree = "<group>"; };
		428B3B481EFC83B20018F323 /* SavedPostsViewControllerTableViewController.swift */ = {isa = PBXFileReference; fileEncoding = 4; lastKnownFileType = sourcecode.swift; name = SavedPostsViewControllerTableViewController.swift; path = ../SavedPostsViewControllerTableViewController.swift; sourceTree = "<group>"; };
		42D0BC851F05B66B003CDA3B /* Lato-Black.ttf */ = {isa = PBXFileReference; lastKnownFileType = file; path = "Lato-Black.ttf"; sourceTree = "<group>"; };
		42D0BC861F05B66B003CDA3B /* Lato-BlackItalic.ttf */ = {isa = PBXFileReference; lastKnownFileType = file; path = "Lato-BlackItalic.ttf"; sourceTree = "<group>"; };
		42D0BC871F05B66B003CDA3B /* Lato-Bold.ttf */ = {isa = PBXFileReference; lastKnownFileType = file; path = "Lato-Bold.ttf"; sourceTree = "<group>"; };
		42D0BC881F05B66B003CDA3B /* Lato-BoldItalic.ttf */ = {isa = PBXFileReference; lastKnownFileType = file; path = "Lato-BoldItalic.ttf"; sourceTree = "<group>"; };
		42D0BC891F05B66B003CDA3B /* Lato-Hairline.ttf */ = {isa = PBXFileReference; lastKnownFileType = file; path = "Lato-Hairline.ttf"; sourceTree = "<group>"; };
		42D0BC8A1F05B66B003CDA3B /* Lato-HairlineItalic.ttf */ = {isa = PBXFileReference; lastKnownFileType = file; path = "Lato-HairlineItalic.ttf"; sourceTree = "<group>"; };
		42D0BC8B1F05B66B003CDA3B /* Lato-Italic.ttf */ = {isa = PBXFileReference; lastKnownFileType = file; path = "Lato-Italic.ttf"; sourceTree = "<group>"; };
		42D0BC8C1F05B66B003CDA3B /* Lato-Light.ttf */ = {isa = PBXFileReference; lastKnownFileType = file; path = "Lato-Light.ttf"; sourceTree = "<group>"; };
		42D0BC8D1F05B66B003CDA3B /* Lato-LightItalic.ttf */ = {isa = PBXFileReference; lastKnownFileType = file; path = "Lato-LightItalic.ttf"; sourceTree = "<group>"; };
		42D0BC8E1F05B66B003CDA3B /* Lato-Regular.ttf */ = {isa = PBXFileReference; lastKnownFileType = file; path = "Lato-Regular.ttf"; sourceTree = "<group>"; };
		42D640D01EA9615700394D75 /* SubRedditService.swift */ = {isa = PBXFileReference; fileEncoding = 4; lastKnownFileType = sourcecode.swift; path = SubRedditService.swift; sourceTree = "<group>"; };
		622CDF551E81DEB100747944 /* CommentsTableViewCell.swift */ = {isa = PBXFileReference; fileEncoding = 4; lastKnownFileType = sourcecode.swift; path = CommentsTableViewCell.swift; sourceTree = "<group>"; };
		622CDF571E81DECB00747944 /* CommentsTableViewController.swift */ = {isa = PBXFileReference; fileEncoding = 4; lastKnownFileType = sourcecode.swift; path = CommentsTableViewController.swift; sourceTree = "<group>"; };
		622D5F381E6F74480081A3F6 /* SubredditSearchTableViewController.swift */ = {isa = PBXFileReference; fileEncoding = 4; lastKnownFileType = sourcecode.swift; path = SubredditSearchTableViewController.swift; sourceTree = "<group>"; };
		622D5F3A1E6F76210081A3F6 /* SubredditSearchTableViewCell.swift */ = {isa = PBXFileReference; fileEncoding = 4; lastKnownFileType = sourcecode.swift; path = SubredditSearchTableViewCell.swift; sourceTree = "<group>"; };
		6232F78E1EA031BE00F0005D /* SubReddit.swift */ = {isa = PBXFileReference; fileEncoding = 4; lastKnownFileType = sourcecode.swift; path = SubReddit.swift; sourceTree = "<group>"; };
		6232F7901EA0333E00F0005D /* Post.swift */ = {isa = PBXFileReference; fileEncoding = 4; lastKnownFileType = sourcecode.swift; path = Post.swift; sourceTree = "<group>"; };
		6232F7921EA0352000F0005D /* Comment.swift */ = {isa = PBXFileReference; fileEncoding = 4; lastKnownFileType = sourcecode.swift; path = Comment.swift; sourceTree = "<group>"; };
		6254AAD01F4645FF00D932A1 /* RefreshableUITableView.swift */ = {isa = PBXFileReference; fileEncoding = 4; lastKnownFileType = sourcecode.swift; path = RefreshableUITableView.swift; sourceTree = "<group>"; };
		6254AAD21F464BD000D932A1 /* RefreshableUITableViewDelegate.swift */ = {isa = PBXFileReference; fileEncoding = 4; lastKnownFileType = sourcecode.swift; path = RefreshableUITableViewDelegate.swift; sourceTree = "<group>"; };
		6275CEB41F215EA300A21379 /* LoadingIndicator.swift */ = {isa = PBXFileReference; fileEncoding = 4; lastKnownFileType = sourcecode.swift; path = LoadingIndicator.swift; sourceTree = "<group>"; };
		62F2EFD41F4F7EA20026FB2C /* RedditCommentsService.swift */ = {isa = PBXFileReference; fileEncoding = 4; lastKnownFileType = sourcecode.swift; path = RedditCommentsService.swift; sourceTree = "<group>"; };
		9BA6385183E1FC5535DC2DCD /* Pods-RedditReader.debug.xcconfig */ = {isa = PBXFileReference; includeInIndex = 1; lastKnownFileType = text.xcconfig; name = "Pods-RedditReader.debug.xcconfig"; path = "Pods/Target Support Files/Pods-RedditReader/Pods-RedditReader.debug.xcconfig"; sourceTree = "<group>"; };
/* End PBXFileReference section */

/* Begin PBXFrameworksBuildPhase section */
		427172AF1E380BB2001DC989 /* Frameworks */ = {
			isa = PBXFrameworksBuildPhase;
			buildActionMask = 2147483647;
			files = (
				222F29E3A691C636B819F8C0 /* Pods_RedditReader.framework in Frameworks */,
				7D9347CEAAA8F509650B85DA /* Pods_ReaderReddit.framework in Frameworks */,
			);
			runOnlyForDeploymentPostprocessing = 0;
		};
/* End PBXFrameworksBuildPhase section */

/* Begin PBXGroup section */
		1922B475EE06ED94BD831134 /* Frameworks */ = {
			isa = PBXGroup;
			children = (
				2B4404BF14F672345D1679B8 /* Pods_RedditReader.framework */,
				322F0446BF77D0C220CFD2A1 /* Pods_ReaderReddit.framework */,
			);
			name = Frameworks;
			sourceTree = "<group>";
		};
		425B9F0C1EA023600077E0DE /* Services */ = {
			isa = PBXGroup;
			children = (
				425B9F0D1EA023830077E0DE /* RedditPostsService.swift */,
				42D640D01EA9615700394D75 /* SubRedditService.swift */,
				62F2EFD41F4F7EA20026FB2C /* RedditCommentsService.swift */,
			);
			name = Services;
			sourceTree = "<group>";
		};
		425B9F0F1EA030DB0077E0DE /* Fonts */ = {
			isa = PBXGroup;
			children = (
				42D0BC851F05B66B003CDA3B /* Lato-Black.ttf */,
				42D0BC861F05B66B003CDA3B /* Lato-BlackItalic.ttf */,
				42D0BC871F05B66B003CDA3B /* Lato-Bold.ttf */,
				42D0BC881F05B66B003CDA3B /* Lato-BoldItalic.ttf */,
				42D0BC891F05B66B003CDA3B /* Lato-Hairline.ttf */,
				42D0BC8A1F05B66B003CDA3B /* Lato-HairlineItalic.ttf */,
				42D0BC8B1F05B66B003CDA3B /* Lato-Italic.ttf */,
				42D0BC8C1F05B66B003CDA3B /* Lato-Light.ttf */,
				42D0BC8D1F05B66B003CDA3B /* Lato-LightItalic.ttf */,
				42D0BC8E1F05B66B003CDA3B /* Lato-Regular.ttf */,
			);
			name = Fonts;
			sourceTree = "<group>";
		};
		425B9F101EA030EE0077E0DE /* Assets */ = {
			isa = PBXGroup;
			children = (
				427172BF1E380BB3001DC989 /* Assets.xcassets */,
				428B3B331EFC72B40018F323 /* Images */,
				425B9F0F1EA030DB0077E0DE /* Fonts */,
			);
			name = Assets;
			sourceTree = "<group>";
		};
		427172A91E380BB2001DC989 = {
			isa = PBXGroup;
			children = (
				427172B41E380BB3001DC989 /* ReaderReddit */,
				427172B31E380BB3001DC989 /* Products */,
				6B9530604527D90E46423124 /* Pods */,
				1922B475EE06ED94BD831134 /* Frameworks */,
			);
			sourceTree = "<group>";
		};
		427172B31E380BB3001DC989 /* Products */ = {
			isa = PBXGroup;
			children = (
				427172B21E380BB3001DC989 /* ReaderReddit.app */,
			);
			name = Products;
			sourceTree = "<group>";
		};
		427172B41E380BB3001DC989 /* ReaderReddit */ = {
			isa = PBXGroup;
			children = (
				4279353A1F4F8E5A00E46CBA /* Extensions */,
				42AAC2361F463F870037F169 /* Storyboards */,
				42AAC2351F463F7F0037F169 /* UI */,
				42AAC2341F463F770037F169 /* Helpers */,
				42AAC2331F463F650037F169 /* ViewControllers */,
				425B9F101EA030EE0077E0DE /* Assets */,
				6232F78D1EA030C900F0005D /* Models */,
				425B9F0C1EA023600077E0DE /* Services */,
				427172B51E380BB3001DC989 /* AppDelegate.swift */,
				427172C41E380BB3001DC989 /* Info.plist */,
				427172BC1E380BB3001DC989 /* RedditReader.xcdatamodeld */,
			);
			name = ReaderReddit;
			path = RedditReader;
			sourceTree = "<group>";
		};
		4279353A1F4F8E5A00E46CBA /* Extensions */ = {
			isa = PBXGroup;
			children = (
				4279353B1F4F8E8800E46CBA /* HtmlString.swift */,
			);
			name = Extensions;
			sourceTree = "<group>";
		};
		428B3B331EFC72B40018F323 /* Images */ = {
			isa = PBXGroup;
			children = (
			);
			name = Images;
			sourceTree = "<group>";
		};
		42AAC2331F463F650037F169 /* ViewControllers */ = {
			isa = PBXGroup;
			children = (
				427172CC1E381C2E001DC989 /* RedditPostsTableViewController.swift */,
				427172CE1E381C49001DC989 /* RedditPostsTableViewCell.swift */,
				622D5F381E6F74480081A3F6 /* SubredditSearchTableViewController.swift */,
				622D5F3A1E6F76210081A3F6 /* SubredditSearchTableViewCell.swift */,
				622CDF571E81DECB00747944 /* CommentsTableViewController.swift */,
				622CDF551E81DEB100747944 /* CommentsTableViewCell.swift */,
				428B3B481EFC83B20018F323 /* SavedPostsViewControllerTableViewController.swift */,
			);
			name = ViewControllers;
			sourceTree = "<group>";
		};
		42AAC2341F463F770037F169 /* Helpers */ = {
			isa = PBXGroup;
			children = (
				423160CA1EC3BFC400E44518 /* Constants.swift */,
			);
			name = Helpers;
			sourceTree = "<group>";
		};
		42AAC2351F463F7F0037F169 /* UI */ = {
			isa = PBXGroup;
			children = (
				6275CEB41F215EA300A21379 /* LoadingIndicator.swift */,
				6254AAD01F4645FF00D932A1 /* RefreshableUITableView.swift */,
				6254AAD21F464BD000D932A1 /* RefreshableUITableViewDelegate.swift */,
			);
			name = UI;
			sourceTree = "<group>";
		};
		42AAC2361F463F870037F169 /* Storyboards */ = {
			isa = PBXGroup;
			children = (
				427172B91E380BB3001DC989 /* Main.storyboard */,
				427172C11E380BB3001DC989 /* LaunchScreen.storyboard */,
			);
			name = Storyboards;
			sourceTree = "<group>";
		};
		6232F78D1EA030C900F0005D /* Models */ = {
			isa = PBXGroup;
			children = (
				6232F78E1EA031BE00F0005D /* SubReddit.swift */,
				6232F7901EA0333E00F0005D /* Post.swift */,
				6232F7921EA0352000F0005D /* Comment.swift */,
			);
			name = Models;
			sourceTree = "<group>";
		};
		6B9530604527D90E46423124 /* Pods */ = {
			isa = PBXGroup;
			children = (
				9BA6385183E1FC5535DC2DCD /* Pods-RedditReader.debug.xcconfig */,
				265404F8BAE1B84D9B91B2A2 /* Pods-RedditReader.release.xcconfig */,
				260D26EBBDC0E82B316AF08D /* Pods-ReaderReddit.debug.xcconfig */,
				29E2D4C6705C548D2695EE97 /* Pods-ReaderReddit.release.xcconfig */,
			);
			name = Pods;
			sourceTree = "<group>";
		};
/* End PBXGroup section */

/* Begin PBXNativeTarget section */
		427172B11E380BB2001DC989 /* ReaderReddit */ = {
			isa = PBXNativeTarget;
			buildConfigurationList = 427172C71E380BB3001DC989 /* Build configuration list for PBXNativeTarget "ReaderReddit" */;
			buildPhases = (
				5FB214EEE1EFC4AB13A4339D /* [CP] Check Pods Manifest.lock */,
				427172AE1E380BB2001DC989 /* Sources */,
				427172AF1E380BB2001DC989 /* Frameworks */,
				427172B01E380BB2001DC989 /* Resources */,
				257F14BF572EA840FEF892A2 /* [CP] Embed Pods Frameworks */,
				AAB4312D7EDEA432B60BD349 /* [CP] Copy Pods Resources */,
			);
			buildRules = (
			);
			dependencies = (
			);
			name = ReaderReddit;
			productName = RedditReader;
			productReference = 427172B21E380BB3001DC989 /* ReaderReddit.app */;
			productType = "com.apple.product-type.application";
		};
/* End PBXNativeTarget section */

/* Begin PBXProject section */
		427172AA1E380BB2001DC989 /* Project object */ = {
			isa = PBXProject;
			attributes = {
				LastSwiftUpdateCheck = 0820;
				LastUpgradeCheck = 0830;
				ORGANIZATIONNAME = "Jake Buller";
				TargetAttributes = {
					427172B11E380BB2001DC989 = {
						CreatedOnToolsVersion = 8.2.1;
						DevelopmentTeam = 44L9F5ZGNX;
						ProvisioningStyle = Automatic;
					};
				};
			};
			buildConfigurationList = 427172AD1E380BB2001DC989 /* Build configuration list for PBXProject "ReaderReddit" */;
			compatibilityVersion = "Xcode 3.2";
			developmentRegion = English;
			hasScannedForEncodings = 0;
			knownRegions = (
				en,
				Base,
			);
			mainGroup = 427172A91E380BB2001DC989;
			productRefGroup = 427172B31E380BB3001DC989 /* Products */;
			projectDirPath = "";
			projectRoot = "";
			targets = (
				427172B11E380BB2001DC989 /* ReaderReddit */,
			);
		};
/* End PBXProject section */

/* Begin PBXResourcesBuildPhase section */
		427172B01E380BB2001DC989 /* Resources */ = {
			isa = PBXResourcesBuildPhase;
			buildActionMask = 2147483647;
			files = (
				42D0BC8F1F05B6D2003CDA3B /* Lato-Black.ttf in Resources */,
				42D0BC901F05B6D2003CDA3B /* Lato-BlackItalic.ttf in Resources */,
				42D0BC911F05B6D2003CDA3B /* Lato-Bold.ttf in Resources */,
				42D0BC921F05B6D2003CDA3B /* Lato-BoldItalic.ttf in Resources */,
				42D0BC931F05B6D2003CDA3B /* Lato-Hairline.ttf in Resources */,
				42D0BC941F05B6D2003CDA3B /* Lato-HairlineItalic.ttf in Resources */,
				42D0BC951F05B6D2003CDA3B /* Lato-Italic.ttf in Resources */,
				42D0BC961F05B6D2003CDA3B /* Lato-Light.ttf in Resources */,
				42D0BC971F05B6D2003CDA3B /* Lato-LightItalic.ttf in Resources */,
				42D0BC981F05B6D2003CDA3B /* Lato-Regular.ttf in Resources */,
				427172C31E380BB3001DC989 /* LaunchScreen.storyboard in Resources */,
				427172C01E380BB3001DC989 /* Assets.xcassets in Resources */,
				427172BB1E380BB3001DC989 /* Main.storyboard in Resources */,
			);
			runOnlyForDeploymentPostprocessing = 0;
		};
/* End PBXResourcesBuildPhase section */

/* Begin PBXShellScriptBuildPhase section */
		257F14BF572EA840FEF892A2 /* [CP] Embed Pods Frameworks */ = {
			isa = PBXShellScriptBuildPhase;
			buildActionMask = 2147483647;
			files = (
			);
			inputPaths = (
			);
			name = "[CP] Embed Pods Frameworks";
			outputPaths = (
			);
			runOnlyForDeploymentPostprocessing = 0;
			shellPath = /bin/sh;
			shellScript = "\"${SRCROOT}/Pods/Target Support Files/Pods-ReaderReddit/Pods-ReaderReddit-frameworks.sh\"\n";
			showEnvVarsInLog = 0;
		};
		5FB214EEE1EFC4AB13A4339D /* [CP] Check Pods Manifest.lock */ = {
			isa = PBXShellScriptBuildPhase;
			buildActionMask = 2147483647;
			files = (
			);
			inputPaths = (
			);
			name = "[CP] Check Pods Manifest.lock";
			outputPaths = (
			);
			runOnlyForDeploymentPostprocessing = 0;
			shellPath = /bin/sh;
			shellScript = "diff \"${PODS_ROOT}/../Podfile.lock\" \"${PODS_ROOT}/Manifest.lock\" > /dev/null\nif [ $? != 0 ] ; then\n    # print error to STDERR\n    echo \"error: The sandbox is not in sync with the Podfile.lock. Run 'pod install' or update your CocoaPods installation.\" >&2\n    exit 1\nfi\n";
			showEnvVarsInLog = 0;
		};
		AAB4312D7EDEA432B60BD349 /* [CP] Copy Pods Resources */ = {
			isa = PBXShellScriptBuildPhase;
			buildActionMask = 2147483647;
			files = (
			);
			inputPaths = (
			);
			name = "[CP] Copy Pods Resources";
			outputPaths = (
			);
			runOnlyForDeploymentPostprocessing = 0;
			shellPath = /bin/sh;
			shellScript = "\"${SRCROOT}/Pods/Target Support Files/Pods-ReaderReddit/Pods-ReaderReddit-resources.sh\"\n";
			showEnvVarsInLog = 0;
		};
/* End PBXShellScriptBuildPhase section */

/* Begin PBXSourcesBuildPhase section */
		427172AE1E380BB2001DC989 /* Sources */ = {
			isa = PBXSourcesBuildPhase;
			buildActionMask = 2147483647;
			files = (
				6254AAD31F464BD000D932A1 /* RefreshableUITableViewDelegate.swift in Sources */,
				6254AAD11F4645FF00D932A1 /* RefreshableUITableView.swift in Sources */,
				62F2EFD51F4F7EA20026FB2C /* RedditCommentsService.swift in Sources */,
				427172CF1E381C49001DC989 /* RedditPostsTableViewCell.swift in Sources */,
				427172B61E380BB3001DC989 /* AppDelegate.swift in Sources */,
				6232F7931EA0352000F0005D /* Comment.swift in Sources */,
				622D5F3B1E6F76210081A3F6 /* SubredditSearchTableViewCell.swift in Sources */,
				423160CB1EC3BFC400E44518 /* Constants.swift in Sources */,
				6232F78F1EA031BE00F0005D /* SubReddit.swift in Sources */,
				42D640D11EA9615700394D75 /* SubRedditService.swift in Sources */,
				6232F7911EA0333E00F0005D /* Post.swift in Sources */,
				622D5F391E6F74480081A3F6 /* SubredditSearchTableViewController.swift in Sources */,
				4279353C1F4F8E8800E46CBA /* HtmlString.swift in Sources */,
				427172BE1E380BB3001DC989 /* RedditReader.xcdatamodeld in Sources */,
				427172CD1E381C2E001DC989 /* RedditPostsTableViewController.swift in Sources */,
				622CDF561E81DEB100747944 /* CommentsTableViewCell.swift in Sources */,
				622CDF581E81DECB00747944 /* CommentsTableViewController.swift in Sources */,
				428B3B491EFC83B20018F323 /* SavedPostsViewControllerTableViewController.swift in Sources */,
				425B9F0E1EA023830077E0DE /* RedditPostsService.swift in Sources */,
				6275CEB51F215EA300A21379 /* LoadingIndicator.swift in Sources */,
			);
			runOnlyForDeploymentPostprocessing = 0;
		};
/* End PBXSourcesBuildPhase section */

/* Begin PBXVariantGroup section */
		427172B91E380BB3001DC989 /* Main.storyboard */ = {
			isa = PBXVariantGroup;
			children = (
				427172BA1E380BB3001DC989 /* Base */,
			);
			name = Main.storyboard;
			sourceTree = "<group>";
		};
		427172C11E380BB3001DC989 /* LaunchScreen.storyboard */ = {
			isa = PBXVariantGroup;
			children = (
				427172C21E380BB3001DC989 /* Base */,
			);
			name = LaunchScreen.storyboard;
			sourceTree = "<group>";
		};
/* End PBXVariantGroup section */

/* Begin XCBuildConfiguration section */
		427172C51E380BB3001DC989 /* Debug */ = {
			isa = XCBuildConfiguration;
			buildSettings = {
				ALWAYS_SEARCH_USER_PATHS = NO;
				CLANG_ANALYZER_NONNULL = YES;
				CLANG_CXX_LANGUAGE_STANDARD = "gnu++0x";
				CLANG_CXX_LIBRARY = "libc++";
				CLANG_ENABLE_MODULES = YES;
				CLANG_ENABLE_OBJC_ARC = YES;
				CLANG_WARN_BOOL_CONVERSION = YES;
				CLANG_WARN_CONSTANT_CONVERSION = YES;
				CLANG_WARN_DIRECT_OBJC_ISA_USAGE = YES_ERROR;
				CLANG_WARN_DOCUMENTATION_COMMENTS = YES;
				CLANG_WARN_EMPTY_BODY = YES;
				CLANG_WARN_ENUM_CONVERSION = YES;
				CLANG_WARN_INFINITE_RECURSION = YES;
				CLANG_WARN_INT_CONVERSION = YES;
				CLANG_WARN_OBJC_ROOT_CLASS = YES_ERROR;
				CLANG_WARN_SUSPICIOUS_MOVE = YES;
				CLANG_WARN_UNREACHABLE_CODE = YES;
				CLANG_WARN__DUPLICATE_METHOD_MATCH = YES;
				"CODE_SIGN_IDENTITY[sdk=iphoneos*]" = "iPhone Developer";
				COPY_PHASE_STRIP = NO;
				DEBUG_INFORMATION_FORMAT = dwarf;
				ENABLE_STRICT_OBJC_MSGSEND = YES;
				ENABLE_TESTABILITY = YES;
				GCC_C_LANGUAGE_STANDARD = gnu99;
				GCC_DYNAMIC_NO_PIC = NO;
				GCC_NO_COMMON_BLOCKS = YES;
				GCC_OPTIMIZATION_LEVEL = 0;
				GCC_PREPROCESSOR_DEFINITIONS = (
					"DEBUG=1",
					"$(inherited)",
				);
				GCC_WARN_64_TO_32_BIT_CONVERSION = YES;
				GCC_WARN_ABOUT_RETURN_TYPE = YES_ERROR;
				GCC_WARN_UNDECLARED_SELECTOR = YES;
				GCC_WARN_UNINITIALIZED_AUTOS = YES_AGGRESSIVE;
				GCC_WARN_UNUSED_FUNCTION = YES;
				GCC_WARN_UNUSED_VARIABLE = YES;
				IPHONEOS_DEPLOYMENT_TARGET = 10.2;
				MTL_ENABLE_DEBUG_INFO = YES;
				ONLY_ACTIVE_ARCH = YES;
				SDKROOT = iphoneos;
				SWIFT_ACTIVE_COMPILATION_CONDITIONS = DEBUG;
				SWIFT_OPTIMIZATION_LEVEL = "-Onone";
				TARGETED_DEVICE_FAMILY = "1,2";
			};
			name = Debug;
		};
		427172C61E380BB3001DC989 /* Release */ = {
			isa = XCBuildConfiguration;
			buildSettings = {
				ALWAYS_SEARCH_USER_PATHS = NO;
				CLANG_ANALYZER_NONNULL = YES;
				CLANG_CXX_LANGUAGE_STANDARD = "gnu++0x";
				CLANG_CXX_LIBRARY = "libc++";
				CLANG_ENABLE_MODULES = YES;
				CLANG_ENABLE_OBJC_ARC = YES;
				CLANG_WARN_BOOL_CONVERSION = YES;
				CLANG_WARN_CONSTANT_CONVERSION = YES;
				CLANG_WARN_DIRECT_OBJC_ISA_USAGE = YES_ERROR;
				CLANG_WARN_DOCUMENTATION_COMMENTS = YES;
				CLANG_WARN_EMPTY_BODY = YES;
				CLANG_WARN_ENUM_CONVERSION = YES;
				CLANG_WARN_INFINITE_RECURSION = YES;
				CLANG_WARN_INT_CONVERSION = YES;
				CLANG_WARN_OBJC_ROOT_CLASS = YES_ERROR;
				CLANG_WARN_SUSPICIOUS_MOVE = YES;
				CLANG_WARN_UNREACHABLE_CODE = YES;
				CLANG_WARN__DUPLICATE_METHOD_MATCH = YES;
				"CODE_SIGN_IDENTITY[sdk=iphoneos*]" = "iPhone Developer";
				COPY_PHASE_STRIP = NO;
				DEBUG_INFORMATION_FORMAT = "dwarf-with-dsym";
				ENABLE_NS_ASSERTIONS = NO;
				ENABLE_STRICT_OBJC_MSGSEND = YES;
				GCC_C_LANGUAGE_STANDARD = gnu99;
				GCC_NO_COMMON_BLOCKS = YES;
				GCC_WARN_64_TO_32_BIT_CONVERSION = YES;
				GCC_WARN_ABOUT_RETURN_TYPE = YES_ERROR;
				GCC_WARN_UNDECLARED_SELECTOR = YES;
				GCC_WARN_UNINITIALIZED_AUTOS = YES_AGGRESSIVE;
				GCC_WARN_UNUSED_FUNCTION = YES;
				GCC_WARN_UNUSED_VARIABLE = YES;
				IPHONEOS_DEPLOYMENT_TARGET = 10.2;
				MTL_ENABLE_DEBUG_INFO = NO;
				SDKROOT = iphoneos;
				SWIFT_OPTIMIZATION_LEVEL = "-Owholemodule";
				TARGETED_DEVICE_FAMILY = "1,2";
				VALIDATE_PRODUCT = YES;
			};
			name = Release;
		};
		427172C81E380BB3001DC989 /* Debug */ = {
			isa = XCBuildConfiguration;
			baseConfigurationReference = 260D26EBBDC0E82B316AF08D /* Pods-ReaderReddit.debug.xcconfig */;
			buildSettings = {
				ALWAYS_EMBED_SWIFT_STANDARD_LIBRARIES = YES;
				ASSETCATALOG_COMPILER_APPICON_NAME = AppIcon;
				DEVELOPMENT_TEAM = 44L9F5ZGNX;
				INFOPLIST_FILE = RedditReader/Info.plist;
				LD_RUNPATH_SEARCH_PATHS = "$(inherited) @executable_path/Frameworks";
				PRODUCT_BUNDLE_IDENTIFIER = dev.jakebuller.RedditReader;
				PRODUCT_NAME = "$(TARGET_NAME)";
				SWIFT_VERSION = 3.0;
			};
			name = Debug;
		};
		427172C91E380BB3001DC989 /* Release */ = {
			isa = XCBuildConfiguration;
			baseConfigurationReference = 29E2D4C6705C548D2695EE97 /* Pods-ReaderReddit.release.xcconfig */;
			buildSettings = {
				ALWAYS_EMBED_SWIFT_STANDARD_LIBRARIES = YES;
				ASSETCATALOG_COMPILER_APPICON_NAME = AppIcon;
				DEVELOPMENT_TEAM = 44L9F5ZGNX;
				INFOPLIST_FILE = RedditReader/Info.plist;
				LD_RUNPATH_SEARCH_PATHS = "$(inherited) @executable_path/Frameworks";
				PRODUCT_BUNDLE_IDENTIFIER = dev.jakebuller.RedditReader;
				PRODUCT_NAME = "$(TARGET_NAME)";
				SWIFT_VERSION = 3.0;
			};
			name = Release;
		};
/* End XCBuildConfiguration section */

/* Begin XCConfigurationList section */
		427172AD1E380BB2001DC989 /* Build configuration list for PBXProject "ReaderReddit" */ = {
			isa = XCConfigurationList;
			buildConfigurations = (
				427172C51E380BB3001DC989 /* Debug */,
				427172C61E380BB3001DC989 /* Release */,
			);
			defaultConfigurationIsVisible = 0;
			defaultConfigurationName = Release;
		};
		427172C71E380BB3001DC989 /* Build configuration list for PBXNativeTarget "ReaderReddit" */ = {
			isa = XCConfigurationList;
			buildConfigurations = (
				427172C81E380BB3001DC989 /* Debug */,
				427172C91E380BB3001DC989 /* Release */,
			);
			defaultConfigurationIsVisible = 0;
			defaultConfigurationName = Release;
		};
/* End XCConfigurationList section */

/* Begin XCVersionGroup section */
		427172BC1E380BB3001DC989 /* RedditReader.xcdatamodeld */ = {
			isa = XCVersionGroup;
			children = (
				427172BD1E380BB3001DC989 /* RedditReader.xcdatamodel */,
			);
			currentVersion = 427172BD1E380BB3001DC989 /* RedditReader.xcdatamodel */;
			path = RedditReader.xcdatamodeld;
			sourceTree = "<group>";
			versionGroupType = wrapper.xcdatamodel;
		};
/* End XCVersionGroup section */
	};
	rootObject = 427172AA1E380BB2001DC989 /* Project object */;
}
