// !$*UTF8*$!
{
	archiveVersion = 1;
	classes = {
	};
	objectVersion = 46;
	objects = {

/* Begin PBXBuildFile section */
		222F29E3A691C636B819F8C0 /* Pods_RedditReader.framework in Frameworks */ = {isa = PBXBuildFile; fileRef = 2B4404BF14F672345D1679B8 /* Pods_RedditReader.framework */; };
		423160CB1EC3BFC400E44518 /* Constants.swift in Sources */ = {isa = PBXBuildFile; fileRef = 423160CA1EC3BFC400E44518 /* Constants.swift */; };
		42321D931E78A827004F64D2 /* Dosis-Bold.ttf in Resources */ = {isa = PBXBuildFile; fileRef = 42321D8C1E78A827004F64D2 /* Dosis-Bold.ttf */; };
		42321D941E78A827004F64D2 /* Dosis-ExtraBold.ttf in Resources */ = {isa = PBXBuildFile; fileRef = 42321D8D1E78A827004F64D2 /* Dosis-ExtraBold.ttf */; };
		42321D951E78A827004F64D2 /* Dosis-ExtraLight.ttf in Resources */ = {isa = PBXBuildFile; fileRef = 42321D8E1E78A827004F64D2 /* Dosis-ExtraLight.ttf */; };
		42321D961E78A827004F64D2 /* Dosis-Light.ttf in Resources */ = {isa = PBXBuildFile; fileRef = 42321D8F1E78A827004F64D2 /* Dosis-Light.ttf */; };
		42321D971E78A827004F64D2 /* Dosis-Medium.ttf in Resources */ = {isa = PBXBuildFile; fileRef = 42321D901E78A827004F64D2 /* Dosis-Medium.ttf */; };
		42321D981E78A827004F64D2 /* Dosis-Regular.ttf in Resources */ = {isa = PBXBuildFile; fileRef = 42321D911E78A827004F64D2 /* Dosis-Regular.ttf */; };
		42321D991E78A827004F64D2 /* Dosis-SemiBold.ttf in Resources */ = {isa = PBXBuildFile; fileRef = 42321D921E78A827004F64D2 /* Dosis-SemiBold.ttf */; };
		425B9F0E1EA023830077E0DE /* RedditPostsService.swift in Sources */ = {isa = PBXBuildFile; fileRef = 425B9F0D1EA023830077E0DE /* RedditPostsService.swift */; };
		427172B61E380BB3001DC989 /* AppDelegate.swift in Sources */ = {isa = PBXBuildFile; fileRef = 427172B51E380BB3001DC989 /* AppDelegate.swift */; };
		427172BB1E380BB3001DC989 /* Main.storyboard in Resources */ = {isa = PBXBuildFile; fileRef = 427172B91E380BB3001DC989 /* Main.storyboard */; };
		427172BE1E380BB3001DC989 /* RedditReader.xcdatamodeld in Sources */ = {isa = PBXBuildFile; fileRef = 427172BC1E380BB3001DC989 /* RedditReader.xcdatamodeld */; };
		427172C01E380BB3001DC989 /* Assets.xcassets in Resources */ = {isa = PBXBuildFile; fileRef = 427172BF1E380BB3001DC989 /* Assets.xcassets */; };
		427172C31E380BB3001DC989 /* LaunchScreen.storyboard in Resources */ = {isa = PBXBuildFile; fileRef = 427172C11E380BB3001DC989 /* LaunchScreen.storyboard */; };
		427172CD1E381C2E001DC989 /* RedditPostsTableViewController.swift in Sources */ = {isa = PBXBuildFile; fileRef = 427172CC1E381C2E001DC989 /* RedditPostsTableViewController.swift */; };
		427172CF1E381C49001DC989 /* RedditPostsTableViewCell.swift in Sources */ = {isa = PBXBuildFile; fileRef = 427172CE1E381C49001DC989 /* RedditPostsTableViewCell.swift */; };
		42D640D11EA9615700394D75 /* SubRedditService.swift in Sources */ = {isa = PBXBuildFile; fileRef = 42D640D01EA9615700394D75 /* SubRedditService.swift */; };
		622CDF561E81DEB100747944 /* CommentsTableViewCell.swift in Sources */ = {isa = PBXBuildFile; fileRef = 622CDF551E81DEB100747944 /* CommentsTableViewCell.swift */; };
		622CDF581E81DECB00747944 /* CommentsTableViewController.swift in Sources */ = {isa = PBXBuildFile; fileRef = 622CDF571E81DECB00747944 /* CommentsTableViewController.swift */; };
		622D5F391E6F74480081A3F6 /* SubredditSearchTableViewController.swift in Sources */ = {isa = PBXBuildFile; fileRef = 622D5F381E6F74480081A3F6 /* SubredditSearchTableViewController.swift */; };
		622D5F3B1E6F76210081A3F6 /* SubredditSearchTableViewCell.swift in Sources */ = {isa = PBXBuildFile; fileRef = 622D5F3A1E6F76210081A3F6 /* SubredditSearchTableViewCell.swift */; };
		6232F78F1EA031BE00F0005D /* SubReddit.swift in Sources */ = {isa = PBXBuildFile; fileRef = 6232F78E1EA031BE00F0005D /* SubReddit.swift */; };
		6232F7911EA0333E00F0005D /* Post.swift in Sources */ = {isa = PBXBuildFile; fileRef = 6232F7901EA0333E00F0005D /* Post.swift */; };
		6232F7931EA0352000F0005D /* Comment.swift in Sources */ = {isa = PBXBuildFile; fileRef = 6232F7921EA0352000F0005D /* Comment.swift */; };
		623D348A1E381AEC0071AC7E /* WebviewViewController.swift in Sources */ = {isa = PBXBuildFile; fileRef = 623D34881E381AEC0071AC7E /* WebviewViewController.swift */; };
		623D348B1E381AEC0071AC7E /* WebviewViewController.xib in Resources */ = {isa = PBXBuildFile; fileRef = 623D34891E381AEC0071AC7E /* WebviewViewController.xib */; };
/* End PBXBuildFile section */

/* Begin PBXFileReference section */
		265404F8BAE1B84D9B91B2A2 /* Pods-RedditReader.release.xcconfig */ = {isa = PBXFileReference; includeInIndex = 1; lastKnownFileType = text.xcconfig; name = "Pods-RedditReader.release.xcconfig"; path = "Pods/Target Support Files/Pods-RedditReader/Pods-RedditReader.release.xcconfig"; sourceTree = "<group>"; };
		2B4404BF14F672345D1679B8 /* Pods_RedditReader.framework */ = {isa = PBXFileReference; explicitFileType = wrapper.framework; includeInIndex = 0; path = Pods_RedditReader.framework; sourceTree = BUILT_PRODUCTS_DIR; };
		423160CA1EC3BFC400E44518 /* Constants.swift */ = {isa = PBXFileReference; fileEncoding = 4; lastKnownFileType = sourcecode.swift; path = Constants.swift; sourceTree = "<group>"; };
		42321D8C1E78A827004F64D2 /* Dosis-Bold.ttf */ = {isa = PBXFileReference; lastKnownFileType = file; path = "Dosis-Bold.ttf"; sourceTree = "<group>"; };
		42321D8D1E78A827004F64D2 /* Dosis-ExtraBold.ttf */ = {isa = PBXFileReference; lastKnownFileType = file; path = "Dosis-ExtraBold.ttf"; sourceTree = "<group>"; };
		42321D8E1E78A827004F64D2 /* Dosis-ExtraLight.ttf */ = {isa = PBXFileReference; lastKnownFileType = file; path = "Dosis-ExtraLight.ttf"; sourceTree = "<group>"; };
		42321D8F1E78A827004F64D2 /* Dosis-Light.ttf */ = {isa = PBXFileReference; lastKnownFileType = file; path = "Dosis-Light.ttf"; sourceTree = "<group>"; };
		42321D901E78A827004F64D2 /* Dosis-Medium.ttf */ = {isa = PBXFileReference; lastKnownFileType = file; path = "Dosis-Medium.ttf"; sourceTree = "<group>"; };
		42321D911E78A827004F64D2 /* Dosis-Regular.ttf */ = {isa = PBXFileReference; lastKnownFileType = file; path = "Dosis-Regular.ttf"; sourceTree = "<group>"; };
		42321D921E78A827004F64D2 /* Dosis-SemiBold.ttf */ = {isa = PBXFileReference; lastKnownFileType = file; path = "Dosis-SemiBold.ttf"; sourceTree = "<group>"; };
		425B9F0D1EA023830077E0DE /* RedditPostsService.swift */ = {isa = PBXFileReference; fileEncoding = 4; lastKnownFileType = sourcecode.swift; path = RedditPostsService.swift; sourceTree = "<group>"; };
		427172B21E380BB3001DC989 /* RedditReader.app */ = {isa = PBXFileReference; explicitFileType = wrapper.application; includeInIndex = 0; path = RedditReader.app; sourceTree = BUILT_PRODUCTS_DIR; };
		427172B51E380BB3001DC989 /* AppDelegate.swift */ = {isa = PBXFileReference; lastKnownFileType = sourcecode.swift; path = AppDelegate.swift; sourceTree = "<group>"; };
		427172BA1E380BB3001DC989 /* Base */ = {isa = PBXFileReference; lastKnownFileType = file.storyboard; name = Base; path = Base.lproj/Main.storyboard; sourceTree = "<group>"; };
		427172BD1E380BB3001DC989 /* RedditReader.xcdatamodel */ = {isa = PBXFileReference; lastKnownFileType = wrapper.xcdatamodel; path = RedditReader.xcdatamodel; sourceTree = "<group>"; };
		427172BF1E380BB3001DC989 /* Assets.xcassets */ = {isa = PBXFileReference; lastKnownFileType = folder.assetcatalog; path = Assets.xcassets; sourceTree = "<group>"; };
		427172C21E380BB3001DC989 /* Base */ = {isa = PBXFileReference; lastKnownFileType = file.storyboard; name = Base; path = Base.lproj/LaunchScreen.storyboard; sourceTree = "<group>"; };
		427172C41E380BB3001DC989 /* Info.plist */ = {isa = PBXFileReference; lastKnownFileType = text.plist.xml; path = Info.plist; sourceTree = "<group>"; };
		427172CC1E381C2E001DC989 /* RedditPostsTableViewController.swift */ = {isa = PBXFileReference; fileEncoding = 4; lastKnownFileType = sourcecode.swift; path = RedditPostsTableViewController.swift; sourceTree = "<group>"; };
		427172CE1E381C49001DC989 /* RedditPostsTableViewCell.swift */ = {isa = PBXFileReference; fileEncoding = 4; lastKnownFileType = sourcecode.swift; path = RedditPostsTableViewCell.swift; sourceTree = "<group>"; };
		42D640D01EA9615700394D75 /* SubRedditService.swift */ = {isa = PBXFileReference; fileEncoding = 4; lastKnownFileType = sourcecode.swift; path = SubRedditService.swift; sourceTree = "<group>"; };
		622CDF551E81DEB100747944 /* CommentsTableViewCell.swift */ = {isa = PBXFileReference; fileEncoding = 4; lastKnownFileType = sourcecode.swift; path = CommentsTableViewCell.swift; sourceTree = "<group>"; };
		622CDF571E81DECB00747944 /* CommentsTableViewController.swift */ = {isa = PBXFileReference; fileEncoding = 4; lastKnownFileType = sourcecode.swift; path = CommentsTableViewController.swift; sourceTree = "<group>"; };
		622D5F381E6F74480081A3F6 /* SubredditSearchTableViewController.swift */ = {isa = PBXFileReference; fileEncoding = 4; lastKnownFileType = sourcecode.swift; path = SubredditSearchTableViewController.swift; sourceTree = "<group>"; };
		622D5F3A1E6F76210081A3F6 /* SubredditSearchTableViewCell.swift */ = {isa = PBXFileReference; fileEncoding = 4; lastKnownFileType = sourcecode.swift; path = SubredditSearchTableViewCell.swift; sourceTree = "<group>"; };
		6232F78E1EA031BE00F0005D /* SubReddit.swift */ = {isa = PBXFileReference; fileEncoding = 4; lastKnownFileType = sourcecode.swift; path = SubReddit.swift; sourceTree = "<group>"; };
		6232F7901EA0333E00F0005D /* Post.swift */ = {isa = PBXFileReference; fileEncoding = 4; lastKnownFileType = sourcecode.swift; path = Post.swift; sourceTree = "<group>"; };
		6232F7921EA0352000F0005D /* Comment.swift */ = {isa = PBXFileReference; fileEncoding = 4; lastKnownFileType = sourcecode.swift; path = Comment.swift; sourceTree = "<group>"; };
		623D34881E381AEC0071AC7E /* WebviewViewController.swift */ = {isa = PBXFileReference; fileEncoding = 4; lastKnownFileType = sourcecode.swift; path = WebviewViewController.swift; sourceTree = "<group>"; };
		623D34891E381AEC0071AC7E /* WebviewViewController.xib */ = {isa = PBXFileReference; fileEncoding = 4; lastKnownFileType = file.xib; path = WebviewViewController.xib; sourceTree = "<group>"; };
		9BA6385183E1FC5535DC2DCD /* Pods-RedditReader.debug.xcconfig */ = {isa = PBXFileReference; includeInIndex = 1; lastKnownFileType = text.xcconfig; name = "Pods-RedditReader.debug.xcconfig"; path = "Pods/Target Support Files/Pods-RedditReader/Pods-RedditReader.debug.xcconfig"; sourceTree = "<group>"; };
/* End PBXFileReference section */

/* Begin PBXFrameworksBuildPhase section */
		427172AF1E380BB2001DC989 /* Frameworks */ = {
			isa = PBXFrameworksBuildPhase;
			buildActionMask = 2147483647;
			files = (
				222F29E3A691C636B819F8C0 /* Pods_RedditReader.framework in Frameworks */,
			);
			runOnlyForDeploymentPostprocessing = 0;
		};
/* End PBXFrameworksBuildPhase section */

/* Begin PBXGroup section */
		1922B475EE06ED94BD831134 /* Frameworks */ = {
			isa = PBXGroup;
			children = (
				2B4404BF14F672345D1679B8 /* Pods_RedditReader.framework */,
			);
			name = Frameworks;
			sourceTree = "<group>";
		};
		425B9F0C1EA023600077E0DE /* Services */ = {
			isa = PBXGroup;
			children = (
				425B9F0D1EA023830077E0DE /* RedditPostsService.swift */,
				42D640D01EA9615700394D75 /* SubRedditService.swift */,
			);
			name = Services;
			sourceTree = "<group>";
		};
		425B9F0F1EA030DB0077E0DE /* Fonts */ = {
			isa = PBXGroup;
			children = (
				42321D8C1E78A827004F64D2 /* Dosis-Bold.ttf */,
				42321D8D1E78A827004F64D2 /* Dosis-ExtraBold.ttf */,
				42321D8E1E78A827004F64D2 /* Dosis-ExtraLight.ttf */,
				42321D8F1E78A827004F64D2 /* Dosis-Light.ttf */,
				42321D901E78A827004F64D2 /* Dosis-Medium.ttf */,
				42321D911E78A827004F64D2 /* Dosis-Regular.ttf */,
				42321D921E78A827004F64D2 /* Dosis-SemiBold.ttf */,
			);
			name = Fonts;
			sourceTree = "<group>";
		};
		425B9F101EA030EE0077E0DE /* Assets */ = {
			isa = PBXGroup;
			children = (
				425B9F0F1EA030DB0077E0DE /* Fonts */,
			);
			name = Assets;
			sourceTree = "<group>";
		};
		427172A91E380BB2001DC989 = {
			isa = PBXGroup;
			children = (
				427172B41E380BB3001DC989 /* RedditReader */,
				427172B31E380BB3001DC989 /* Products */,
				6B9530604527D90E46423124 /* Pods */,
				1922B475EE06ED94BD831134 /* Frameworks */,
			);
			sourceTree = "<group>";
		};
		427172B31E380BB3001DC989 /* Products */ = {
			isa = PBXGroup;
			children = (
				427172B21E380BB3001DC989 /* RedditReader.app */,
			);
			name = Products;
			sourceTree = "<group>";
		};
		427172B41E380BB3001DC989 /* RedditReader */ = {
			isa = PBXGroup;
			children = (
				425B9F101EA030EE0077E0DE /* Assets */,
				6232F78D1EA030C900F0005D /* Models */,
				425B9F0C1EA023600077E0DE /* Services */,
				427172B51E380BB3001DC989 /* AppDelegate.swift */,
				427172B91E380BB3001DC989 /* Main.storyboard */,
				623D34881E381AEC0071AC7E /* WebviewViewController.swift */,
				623D34891E381AEC0071AC7E /* WebviewViewController.xib */,
				427172CC1E381C2E001DC989 /* RedditPostsTableViewController.swift */,
				427172CE1E381C49001DC989 /* RedditPostsTableViewCell.swift */,
				427172BF1E380BB3001DC989 /* Assets.xcassets */,
				427172C11E380BB3001DC989 /* LaunchScreen.storyboard */,
				427172C41E380BB3001DC989 /* Info.plist */,
				427172BC1E380BB3001DC989 /* RedditReader.xcdatamodeld */,
				622D5F381E6F74480081A3F6 /* SubredditSearchTableViewController.swift */,
				622D5F3A1E6F76210081A3F6 /* SubredditSearchTableViewCell.swift */,
				622CDF551E81DEB100747944 /* CommentsTableViewCell.swift */,
				622CDF571E81DECB00747944 /* CommentsTableViewController.swift */,
				423160CA1EC3BFC400E44518 /* Constants.swift */,
			);
			path = RedditReader;
			sourceTree = "<group>";
		};
		6232F78D1EA030C900F0005D /* Models */ = {
			isa = PBXGroup;
			children = (
				6232F78E1EA031BE00F0005D /* SubReddit.swift */,
				6232F7901EA0333E00F0005D /* Post.swift */,
				6232F7921EA0352000F0005D /* Comment.swift */,
			);
			name = Models;
			sourceTree = "<group>";
		};
		6B9530604527D90E46423124 /* Pods */ = {
			isa = PBXGroup;
			children = (
				9BA6385183E1FC5535DC2DCD /* Pods-RedditReader.debug.xcconfig */,
				265404F8BAE1B84D9B91B2A2 /* Pods-RedditReader.release.xcconfig */,
			);
			name = Pods;
			sourceTree = "<group>";
		};
/* End PBXGroup section */

/* Begin PBXNativeTarget section */
		427172B11E380BB2001DC989 /* RedditReader */ = {
			isa = PBXNativeTarget;
			buildConfigurationList = 427172C71E380BB3001DC989 /* Build configuration list for PBXNativeTarget "RedditReader" */;
			buildPhases = (
				5FB214EEE1EFC4AB13A4339D /* [CP] Check Pods Manifest.lock */,
				427172AE1E380BB2001DC989 /* Sources */,
				427172AF1E380BB2001DC989 /* Frameworks */,
				427172B01E380BB2001DC989 /* Resources */,
				257F14BF572EA840FEF892A2 /* [CP] Embed Pods Frameworks */,
				AAB4312D7EDEA432B60BD349 /* [CP] Copy Pods Resources */,
			);
			buildRules = (
			);
			dependencies = (
			);
			name = RedditReader;
			productName = RedditReader;
			productReference = 427172B21E380BB3001DC989 /* RedditReader.app */;
			productType = "com.apple.product-type.application";
		};
/* End PBXNativeTarget section */

/* Begin PBXProject section */
		427172AA1E380BB2001DC989 /* Project object */ = {
			isa = PBXProject;
			attributes = {
				LastSwiftUpdateCheck = 0820;
				LastUpgradeCheck = 0830;
				ORGANIZATIONNAME = "Jake Buller";
				TargetAttributes = {
					427172B11E380BB2001DC989 = {
						CreatedOnToolsVersion = 8.2.1;
						DevelopmentTeam = 44L9F5ZGNX;
						ProvisioningStyle = Automatic;
					};
				};
			};
			buildConfigurationList = 427172AD1E380BB2001DC989 /* Build configuration list for PBXProject "RedditReader" */;
			compatibilityVersion = "Xcode 3.2";
			developmentRegion = English;
			hasScannedForEncodings = 0;
			knownRegions = (
				en,
				Base,
			);
			mainGroup = 427172A91E380BB2001DC989;
			productRefGroup = 427172B31E380BB3001DC989 /* Products */;
			projectDirPath = "";
			projectRoot = "";
			targets = (
				427172B11E380BB2001DC989 /* RedditReader */,
			);
		};
/* End PBXProject section */

/* Begin PBXResourcesBuildPhase section */
		427172B01E380BB2001DC989 /* Resources */ = {
			isa = PBXResourcesBuildPhase;
			buildActionMask = 2147483647;
			files = (
				427172C31E380BB3001DC989 /* LaunchScreen.storyboard in Resources */,
				42321D941E78A827004F64D2 /* Dosis-ExtraBold.ttf in Resources */,
				42321D961E78A827004F64D2 /* Dosis-Light.ttf in Resources */,
				42321D991E78A827004F64D2 /* Dosis-SemiBold.ttf in Resources */,
				427172C01E380BB3001DC989 /* Assets.xcassets in Resources */,
				42321D951E78A827004F64D2 /* Dosis-ExtraLight.ttf in Resources */,
				42321D971E78A827004F64D2 /* Dosis-Medium.ttf in Resources */,
				42321D981E78A827004F64D2 /* Dosis-Regular.ttf in Resources */,
				623D348B1E381AEC0071AC7E /* WebviewViewController.xib in Resources */,
				427172BB1E380BB3001DC989 /* Main.storyboard in Resources */,
				42321D931E78A827004F64D2 /* Dosis-Bold.ttf in Resources */,
			);
			runOnlyForDeploymentPostprocessing = 0;
		};
/* End PBXResourcesBuildPhase section */

/* Begin PBXShellScriptBuildPhase section */
		257F14BF572EA840FEF892A2 /* [CP] Embed Pods Frameworks */ = {
			isa = PBXShellScriptBuildPhase;
			buildActionMask = 2147483647;
			files = (
			);
			inputPaths = (
			);
			name = "[CP] Embed Pods Frameworks";
			outputPaths = (
			);
			runOnlyForDeploymentPostprocessing = 0;
			shellPath = /bin/sh;
			shellScript = "\"${SRCROOT}/Pods/Target Support Files/Pods-RedditReader/Pods-RedditReader-frameworks.sh\"\n";
			showEnvVarsInLog = 0;
		};
		5FB214EEE1EFC4AB13A4339D /* [CP] Check Pods Manifest.lock */ = {
			isa = PBXShellScriptBuildPhase;
			buildActionMask = 2147483647;
			files = (
			);
			inputPaths = (
			);
			name = "[CP] Check Pods Manifest.lock";
			outputPaths = (
			);
			runOnlyForDeploymentPostprocessing = 0;
			shellPath = /bin/sh;
			shellScript = "diff \"${PODS_ROOT}/../Podfile.lock\" \"${PODS_ROOT}/Manifest.lock\" > /dev/null\nif [ $? != 0 ] ; then\n    # print error to STDERR\n    echo \"error: The sandbox is not in sync with the Podfile.lock. Run 'pod install' or update your CocoaPods installation.\" >&2\n    exit 1\nfi\n";
			showEnvVarsInLog = 0;
		};
		AAB4312D7EDEA432B60BD349 /* [CP] Copy Pods Resources */ = {
			isa = PBXShellScriptBuildPhase;
			buildActionMask = 2147483647;
			files = (
			);
			inputPaths = (
			);
			name = "[CP] Copy Pods Resources";
			outputPaths = (
			);
			runOnlyForDeploymentPostprocessing = 0;
			shellPath = /bin/sh;
			shellScript = "\"${SRCROOT}/Pods/Target Support Files/Pods-RedditReader/Pods-RedditReader-resources.sh\"\n";
			showEnvVarsInLog = 0;
		};
/* End PBXShellScriptBuildPhase section */

/* Begin PBXSourcesBuildPhase section */
		427172AE1E380BB2001DC989 /* Sources */ = {
			isa = PBXSourcesBuildPhase;
			buildActionMask = 2147483647;
			files = (
				427172CF1E381C49001DC989 /* RedditPostsTableViewCell.swift in Sources */,
				427172B61E380BB3001DC989 /* AppDelegate.swift in Sources */,
				623D348A1E381AEC0071AC7E /* WebviewViewController.swift in Sources */,
				6232F7931EA0352000F0005D /* Comment.swift in Sources */,
				622D5F3B1E6F76210081A3F6 /* SubredditSearchTableViewCell.swift in Sources */,
				423160CB1EC3BFC400E44518 /* Constants.swift in Sources */,
				6232F78F1EA031BE00F0005D /* SubReddit.swift in Sources */,
				42D640D11EA9615700394D75 /* SubRedditService.swift in Sources */,
				6232F7911EA0333E00F0005D /* Post.swift in Sources */,
				622D5F391E6F74480081A3F6 /* SubredditSearchTableViewController.swift in Sources */,
				427172BE1E380BB3001DC989 /* RedditReader.xcdatamodeld in Sources */,
				427172CD1E381C2E001DC989 /* RedditPostsTableViewController.swift in Sources */,
				622CDF561E81DEB100747944 /* CommentsTableViewCell.swift in Sources */,
				622CDF581E81DECB00747944 /* CommentsTableViewController.swift in Sources */,
				425B9F0E1EA023830077E0DE /* RedditPostsService.swift in Sources */,
			);
			runOnlyForDeploymentPostprocessing = 0;
		};
/* End PBXSourcesBuildPhase section */

/* Begin PBXVariantGroup section */
		427172B91E380BB3001DC989 /* Main.storyboard */ = {
			isa = PBXVariantGroup;
			children = (
				427172BA1E380BB3001DC989 /* Base */,
			);
			name = Main.storyboard;
			sourceTree = "<group>";
		};
		427172C11E380BB3001DC989 /* LaunchScreen.storyboard */ = {
			isa = PBXVariantGroup;
			children = (
				427172C21E380BB3001DC989 /* Base */,
			);
			name = LaunchScreen.storyboard;
			sourceTree = "<group>";
		};
/* End PBXVariantGroup section */

/* Begin XCBuildConfiguration section */
		427172C51E380BB3001DC989 /* Debug */ = {
			isa = XCBuildConfiguration;
			buildSettings = {
				ALWAYS_SEARCH_USER_PATHS = NO;
				CLANG_ANALYZER_NONNULL = YES;
				CLANG_CXX_LANGUAGE_STANDARD = "gnu++0x";
				CLANG_CXX_LIBRARY = "libc++";
				CLANG_ENABLE_MODULES = YES;
				CLANG_ENABLE_OBJC_ARC = YES;
				CLANG_WARN_BOOL_CONVERSION = YES;
				CLANG_WARN_CONSTANT_CONVERSION = YES;
				CLANG_WARN_DIRECT_OBJC_ISA_USAGE = YES_ERROR;
				CLANG_WARN_DOCUMENTATION_COMMENTS = YES;
				CLANG_WARN_EMPTY_BODY = YES;
				CLANG_WARN_ENUM_CONVERSION = YES;
				CLANG_WARN_INFINITE_RECURSION = YES;
				CLANG_WARN_INT_CONVERSION = YES;
				CLANG_WARN_OBJC_ROOT_CLASS = YES_ERROR;
				CLANG_WARN_SUSPICIOUS_MOVE = YES;
				CLANG_WARN_UNREACHABLE_CODE = YES;
				CLANG_WARN__DUPLICATE_METHOD_MATCH = YES;
				"CODE_SIGN_IDENTITY[sdk=iphoneos*]" = "iPhone Developer";
				COPY_PHASE_STRIP = NO;
				DEBUG_INFORMATION_FORMAT = dwarf;
				ENABLE_STRICT_OBJC_MSGSEND = YES;
				ENABLE_TESTABILITY = YES;
				GCC_C_LANGUAGE_STANDARD = gnu99;
				GCC_DYNAMIC_NO_PIC = NO;
				GCC_NO_COMMON_BLOCKS = YES;
				GCC_OPTIMIZATION_LEVEL = 0;
				GCC_PREPROCESSOR_DEFINITIONS = (
					"DEBUG=1",
					"$(inherited)",
				);
				GCC_WARN_64_TO_32_BIT_CONVERSION = YES;
				GCC_WARN_ABOUT_RETURN_TYPE = YES_ERROR;
				GCC_WARN_UNDECLARED_SELECTOR = YES;
				GCC_WARN_UNINITIALIZED_AUTOS = YES_AGGRESSIVE;
				GCC_WARN_UNUSED_FUNCTION = YES;
				GCC_WARN_UNUSED_VARIABLE = YES;
				IPHONEOS_DEPLOYMENT_TARGET = 10.2;
				MTL_ENABLE_DEBUG_INFO = YES;
				ONLY_ACTIVE_ARCH = YES;
				SDKROOT = iphoneos;
				SWIFT_ACTIVE_COMPILATION_CONDITIONS = DEBUG;
				SWIFT_OPTIMIZATION_LEVEL = "-Onone";
				TARGETED_DEVICE_FAMILY = "1,2";
			};
			name = Debug;
		};
		427172C61E380BB3001DC989 /* Release */ = {
			isa = XCBuildConfiguration;
			buildSettings = {
				ALWAYS_SEARCH_USER_PATHS = NO;
				CLANG_ANALYZER_NONNULL = YES;
				CLANG_CXX_LANGUAGE_STANDARD = "gnu++0x";
				CLANG_CXX_LIBRARY = "libc++";
				CLANG_ENABLE_MODULES = YES;
				CLANG_ENABLE_OBJC_ARC = YES;
				CLANG_WARN_BOOL_CONVERSION = YES;
				CLANG_WARN_CONSTANT_CONVERSION = YES;
				CLANG_WARN_DIRECT_OBJC_ISA_USAGE = YES_ERROR;
				CLANG_WARN_DOCUMENTATION_COMMENTS = YES;
				CLANG_WARN_EMPTY_BODY = YES;
				CLANG_WARN_ENUM_CONVERSION = YES;
				CLANG_WARN_INFINITE_RECURSION = YES;
				CLANG_WARN_INT_CONVERSION = YES;
				CLANG_WARN_OBJC_ROOT_CLASS = YES_ERROR;
				CLANG_WARN_SUSPICIOUS_MOVE = YES;
				CLANG_WARN_UNREACHABLE_CODE = YES;
				CLANG_WARN__DUPLICATE_METHOD_MATCH = YES;
				"CODE_SIGN_IDENTITY[sdk=iphoneos*]" = "iPhone Developer";
				COPY_PHASE_STRIP = NO;
				DEBUG_INFORMATION_FORMAT = "dwarf-with-dsym";
				ENABLE_NS_ASSERTIONS = NO;
				ENABLE_STRICT_OBJC_MSGSEND = YES;
				GCC_C_LANGUAGE_STANDARD = gnu99;
				GCC_NO_COMMON_BLOCKS = YES;
				GCC_WARN_64_TO_32_BIT_CONVERSION = YES;
				GCC_WARN_ABOUT_RETURN_TYPE = YES_ERROR;
				GCC_WARN_UNDECLARED_SELECTOR = YES;
				GCC_WARN_UNINITIALIZED_AUTOS = YES_AGGRESSIVE;
				GCC_WARN_UNUSED_FUNCTION = YES;
				GCC_WARN_UNUSED_VARIABLE = YES;
				IPHONEOS_DEPLOYMENT_TARGET = 10.2;
				MTL_ENABLE_DEBUG_INFO = NO;
				SDKROOT = iphoneos;
				SWIFT_OPTIMIZATION_LEVEL = "-Owholemodule";
				TARGETED_DEVICE_FAMILY = "1,2";
				VALIDATE_PRODUCT = YES;
			};
			name = Release;
		};
		427172C81E380BB3001DC989 /* Debug */ = {
			isa = XCBuildConfiguration;
			baseConfigurationReference = 9BA6385183E1FC5535DC2DCD /* Pods-RedditReader.debug.xcconfig */;
			buildSettings = {
				ALWAYS_EMBED_SWIFT_STANDARD_LIBRARIES = YES;
				ASSETCATALOG_COMPILER_APPICON_NAME = AppIcon;
				DEVELOPMENT_TEAM = 44L9F5ZGNX;
				INFOPLIST_FILE = RedditReader/Info.plist;
				LD_RUNPATH_SEARCH_PATHS = "$(inherited) @executable_path/Frameworks";
				PRODUCT_BUNDLE_IDENTIFIER = dev.jakebuller.RedditReader;
				PRODUCT_NAME = "$(TARGET_NAME)";
				SWIFT_VERSION = 3.0;
			};
			name = Debug;
		};
		427172C91E380BB3001DC989 /* Release */ = {
			isa = XCBuildConfiguration;
			baseConfigurationReference = 265404F8BAE1B84D9B91B2A2 /* Pods-RedditReader.release.xcconfig */;
			buildSettings = {
				ALWAYS_EMBED_SWIFT_STANDARD_LIBRARIES = YES;
				ASSETCATALOG_COMPILER_APPICON_NAME = AppIcon;
				DEVELOPMENT_TEAM = 44L9F5ZGNX;
				INFOPLIST_FILE = RedditReader/Info.plist;
				LD_RUNPATH_SEARCH_PATHS = "$(inherited) @executable_path/Frameworks";
				PRODUCT_BUNDLE_IDENTIFIER = dev.jakebuller.RedditReader;
				PRODUCT_NAME = "$(TARGET_NAME)";
				SWIFT_VERSION = 3.0;
			};
			name = Release;
		};
/* End XCBuildConfiguration section */

/* Begin XCConfigurationList section */
		427172AD1E380BB2001DC989 /* Build configuration list for PBXProject "RedditReader" */ = {
			isa = XCConfigurationList;
			buildConfigurations = (
				427172C51E380BB3001DC989 /* Debug */,
				427172C61E380BB3001DC989 /* Release */,
			);
			defaultConfigurationIsVisible = 0;
			defaultConfigurationName = Release;
		};
		427172C71E380BB3001DC989 /* Build configuration list for PBXNativeTarget "RedditReader" */ = {
			isa = XCConfigurationList;
			buildConfigurations = (
				427172C81E380BB3001DC989 /* Debug */,
				427172C91E380BB3001DC989 /* Release */,
			);
			defaultConfigurationIsVisible = 0;
			defaultConfigurationName = Release;
		};
/* End XCConfigurationList section */

/* Begin XCVersionGroup section */
		427172BC1E380BB3001DC989 /* RedditReader.xcdatamodeld */ = {
			isa = XCVersionGroup;
			children = (
				427172BD1E380BB3001DC989 /* RedditReader.xcdatamodel */,
			);
			currentVersion = 427172BD1E380BB3001DC989 /* RedditReader.xcdatamodel */;
			path = RedditReader.xcdatamodeld;
			sourceTree = "<group>";
			versionGroupType = wrapper.xcdatamodel;
		};
/* End XCVersionGroup section */
	};
	rootObject = 427172AA1E380BB2001DC989 /* Project object */;
}
